{
  "version": 4,
  "terraform_version": "1.14.3",
  "serial": 159,
  "lineage": "b96aa220-c0ae-a456-9b69-b08ba444a693",
  "outputs": {
    "alb_dns_name": {
      "value": "CS6650L2-alb-1653736226.us-west-2.elb.amazonaws.com",
      "type": "string"
    },
    "ecs_cluster_name": {
      "value": "CS6650L2-cluster",
      "type": "string"
    },
    "ecs_service_name": {
      "value": "CS6650L2",
      "type": "string"
    }
  },
  "resources": [
    {
      "mode": "data",
      "type": "aws_ecr_authorization_token",
      "name": "registry",
      "provider": "provider[\"registry.terraform.io/hashicorp/aws\"]",
      "instances": [
        {
          "schema_version": 0,
          "attributes": {
            "authorization_token": "QVdTOmV5SndZWGxzYjJGa0lqb2lUVE42VVZwWFFscFdSelYxWXpCQ1NHdE1LeTkxZVcwdlExZHNXa2RzTVhSSk9GSnRkVWxXZDBkeVJsZHpWRWxNZUdWV1VHVmtUMFZKTDA5TGFrSXdNbFowVVc5cWVWbGFZV1owWkdkVk5XMW5WMVZIVVVjd01sVlZka1ZXV2xBMFluSm9UM0kxTlVjNFJrTlZhRWhITmpJME1rdHFhWFpJVFRCb1NFaDNVekUzY3pOakwyWkZORzE0VWxSa1R6UTBkbUkzVFdrNGNHMW5PRlJ2TVc1U1pWUk1PVkJaYlVwalRqbFJZMVZyWTJkeFJGa3dkMFIwZFU5cGVUSlJlR1kwU0VZeE5VbHBMMkpOUzJKWFFqaFRZbTVQVFZCSmEwcHRlRnBpS3pZeVJqSkRRak12TmxCc2IzaFhiVlJXVlVaTmVuVlBPVGhHTWk4d1R6QkVaa1JaZW1sV1dUbDBOMmh6UlVGRVlVcEhRM0ZJWm5CaFQyTkZOVXhLY0dwNUwxQnFRMEZVWm1oc1UwTm1Wa3B6ZUZneFNWSTFTVlZDSzNVM1pHTXhXamwwVFRaWGNVbFFSMWN4U1ZKTE5FVXlTelYzUTJkS1ZHWklNVk0yVXpCaFMwbEVaMmRrZFVWcmREUk9NRVowV2preWQwbEZZVUZYV21Oa1pFd3JSMnhpT0dzNEszTklVVWMyY1dkU01EUmtZVlUzWkVzNFVVNTVNazlhUkhSa1VqbFJWbFJ6TDA5VVZGUTBXakZyWTBaTVEydEdVbFJZWmtNM04xVllWekJTZEZWQmVIQTBOalJDVWtsTk9YTk1lak5VV0RFek5WQm1VamQ1UVhCRFZURmFSVEF3Y1VWT2VYRkNaM016T1ZoRE1VVXJRamwwYVU1VldTczVTbFEyYmxOVk5FYzNTWEF3ZVhsSE0xcHdNVUV6VDJ4aVFUa3hiazE2TDB4TFNXMURNMmhFU0daelFUQktZVlpvVUVKRVJVNUZWV2xJYUU0d1JuVndjVUp4ZW5FeGMyaE1jbmRYZEVKMGJ6WkNkbGxYSzJaRlJtVXJVM0JOVFRBdk5FdGxhbnBpTkZZeE1qZGFUblF4TTFGS2R6aFNhSGRoYURSM04yWTFlWHBrUlhSeVlreGFZMVJIVEhwSWJUa3JjemRUT0hNMGNtYzBMMWhTT0cxdlZ6RllRMFpSYlVFMk1EQk5lbFpDZGpGd2RVMTZRVTlxZFRsR1VtcEtaREpWYm5kTEx6VXZlRWs0VTBaaVNua3ZWbU54TldoellYSmxWRkZHVDJ0bGNrMHpZelZWVERJMVFsVmpUbUZNWm1SS2FrVnBaWEZhV1hoNldUTnVkMVJ4SzNOVmVVNU1la0ZhUWtsSUszQnZTalEzWm1zNFYxbGxVR2hEY0U5VVdGY3dTVE13TlZKeFZWWlFURUZOV1c5UFkzWlBLM0pZVVVseVduQkVia055VG5RM1QxQklTMUpLVkdwTVNWQlZaVzk1YmxneWJHaGFSR0ZoZUZSb2NGSTVObnBxVW10a1lrdFNiVE00TVhkaVVGSjFkbGR6WW1wNmVWRnVZMnRNZHpZM05sWlJaSFE1TVhaelExbEplSGNyZGxaUWRUbHZZV05oZFV3NGVFVTJNbGN5U2pKd2FESlZlR3MwY1VacGRYSmtWMUJqZG5VeE1VUmxPRWt5WXpnd1oybGhVVXczYVZsYVJtTmhiWGR3V0c1RmVIUlZXSE4yWW1adVFVbEpSMDVQYjBWSmJsbExabWREUm5aalZuaHdSVEJaZW05MmVuWnhabmhWVFV3MWNFcEZRekYwWW05eFRVVlVTaTlEUW14UUszRlBUamxJY2xCVGIzcHlSblpOTTJWc1lreG1SbGRyUkhaMFQydzJMM2g2ZEUxMGNYbGxLemR0UmxSdmVIbFJjekZCYTFSQ01XbHFjR001V0c1RVRGVlFRbWxFYlVaS2F5OU9OV2ROVG5wSWNFSjNNbXBRWTI5ak1tODFiU3QyWVV4MVltUTNSRm95YkhFNE5qRXhUMWRsTUd4a2VHdE5ka0ZVYWpseGJXVnFia1J2TUcxT1NXaHNNa1YxYkhkcE9HcEJZVmd3VGpZNWNtbFlUbGhMTjBSVWFuZzFjR0puT1V4emEyOVBVa3BoTm1wT01sTmlkbUYwVlVGR2RreG5hbE50VTJoNmVEQkVjVFZHZDA5M1VUTllRVU5pVWtWME9XcHBWVUZwZFU0NVVVRXpiVWt2VjFGR1ZFUXJSekpzWjBOT1ZrdDRVSGd6YWxoRFQxRlBXbFJKWnpaVWJqQnNZbk0yVWpJNVJWTnhjMGhOSWl3aVpHRjBZV3RsZVNJNklrRlJSVUpCU0dvMmJHTTBXRWxLZHk4M2JHNHdTR013TUVSTlpXczJSMFY0U0VOaVdUUlNTWEJVVFVOSk5UaEpibFYzUVVGQlNEUjNaa0ZaU2t0dldrbG9kbU5PUVZGalIyOUhPSGRpVVVsQ1FVUkNiMEpuYTNGb2EybEhPWGN3UWtKM1JYZElaMWxLV1VsYVNVRlhWVVJDUVVWMVRVSkZSVVJMTDNwYVVrOTJWa3BsUXpSNU5tcEVkMGxDUlVsQk4ydGhUVlZKWTAwNGIwTXJOM1JWU1RWVlFqY3dNbmN5Vnl0cU4yaDRNR2swYmpWcVEwWm1hRVZtT0VRMlZ5OUpjbmxYV0ROS1puaDFha3hzTDJnMmVVdHlXa2x3VEV0eUszSnNOMDlwVkhjOUlpd2lkbVZ5YzJsdmJpSTZJaklpTENKMGVYQmxJam9pUkVGVVFWOUxSVmtpTENKbGVIQnBjbUYwYVc5dUlqb3hOemN5TXpBeE5qSXpmUT09",
            "expires_at": "2026-02-28T18:00:23Z",
            "id": "us-west-2",
            "password": "eyJwYXlsb2FkIjoiTTN6UVpXQlpWRzV1YzBCSGtMKy91eW0vQ1dsWkdsMXRJOFJtdUlWd0dyRldzVElMeGVWUGVkT0VJL09LakIwMlZ0UW9qeVlaYWZ0ZGdVNW1nV1VHUUcwMlVVdkVWWlA0YnJoT3I1NUc4RkNVaEhHNjI0MktqaXZITTBoSEh3UzE3czNjL2ZFNG14UlRkTzQ0dmI3TWk4cG1nOFRvMW5SZVRMOVBZbUpjTjlRY1VrY2dxRFkwd0R0dU9peTJReGY0SEYxNUlpL2JNS2JXQjhTYm5PTVBJa0pteFpiKzYyRjJDQjMvNlBsb3hXbVRWVUZNenVPOThGMi8wTzBEZkRZemlWWTl0N2hzRUFEYUpHQ3FIZnBhT2NFNUxKcGp5L1BqQ0FUZmhsU0NmVkpzeFgxSVI1SVVCK3U3ZGMxWjl0TTZXcUlQR1cxSVJLNEUySzV3Q2dKVGZIMVM2UzBhS0lEZ2dkdUVrdDROMEZ0Wjkyd0lFYUFXWmNkZEwrR2xiOGs4K3NIUUc2cWdSMDRkYVU3ZEs4UU55Mk9aRHRkUjlRVlRzL09UVFQ0WjFrY0ZMQ2tGUlRYZkM3N1VYVzBSdFVBeHA0NjRCUklNOXNMejNUWDEzNVBmUjd5QXBDVTFaRTAwcUVOeXFCZ3MzOVhDMUUrQjl0aU5VWSs5SlQ2blNVNEc3SXAweXlHM1pwMUEzT2xiQTkxbk16L0xLSW1DM2hESGZzQTBKYVZoUEJERU5FVWlIaE4wRnVwcUJxenExc2hMcndXdEJ0bzZCdllXK2ZFRmUrU3BNTTAvNEtlanpiNFYxMjdaTnQxM1FKdzhSaHdhaDR3N2Y1eXpkRXRyYkxaY1RHTHpIbTkrczdTOHM0cmc0L1hSOG1vVzFYQ0ZRbUE2MDBNelZCdjFwdU16QU9qdTlGUmpKZDJVbndLLzUveEk4U0ZiSnkvVmNxNWhzYXJlVFFGT2tlck0zYzVVTDI1QlVjTmFMZmRKakVpZXFaWXh6WTNud1RxK3NVeU5MekFaQklIK3BvSjQ3Zms4V1llUGhDcE9UWFcwSTMwNVJxVVZQTEFNWW9PY3ZPK3JYUUlyWnBEbkNyTnQ3T1BIS1JKVGpMSVBVZW95blgybGhaRGFheFRocFI5NnpqUmtkYktSbTM4MXdiUFJ1dldzYmp6eVFuY2tMdzY3NlZRZHQ5MXZzQ1lJeHcrdlZQdTlvYWNhdUw4eEU2MlcySjJwaDJVeGs0cUZpdXJkV1BjdnUxMURlOEkyYzgwZ2lhUUw3aVlaRmNhbXdwWG5FeHRVWHN2YmZuQUlJR05Pb0VJbllLZmdDRnZjVnhwRTBZem92enZxZnhVTUw1cEpFQzF0Ym9xTUVUSi9DQmxQK3FPTjlIclBTb3pyRnZNM2VsYkxmRldrRHZ0T2w2L3h6dE10cXllKzdtRlRveHlRczFBa1RCMWlqcGM5WG5ETFVQQmlEbUZKay9ONWdNTnpIcEJ3MmpQY29jMm81bSt2YUx1YmQ3RFoybHE4NjExT1dlMGxkeGtNdkFUajlxbWVqbkRvMG1OSWhsMkV1bHdpOGpBYVgwTjY5cmlYTlhLN0RUang1cGJnOUxza29PUkphNmpOMlNidmF0VUFGdkxnalNtU2h6eDBEcTVGd093UTNYQUNiUkV0OWppVUFpdU45UUEzbUkvV1FGVEQrRzJsZ0NOVkt4UHgzalhDT1FPWlRJZzZUbjBsYnM2UjI5RVNxc0hNIiwiZGF0YWtleSI6IkFRRUJBSGo2bGM0WElKdy83bG4wSGMwMERNZWs2R0V4SENiWTRSSXBUTUNJNThJblV3QUFBSDR3ZkFZSktvWklodmNOQVFjR29HOHdiUUlCQURCb0Jna3Foa2lHOXcwQkJ3RXdIZ1lKWUlaSUFXVURCQUV1TUJFRURLL3paUk92VkplQzR5NmpEd0lCRUlBN2thTVVJY004b0MrN3RVSTVVQjcwMncyVytqN2h4MGk0bjVqQ0ZmaEVmOEQ2Vy9JcnlXWDNKZnh1akxsL2g2eUtyWklwTEtyK3JsN09pVHc9IiwidmVyc2lvbiI6IjIiLCJ0eXBlIjoiREFUQV9LRVkiLCJleHBpcmF0aW9uIjoxNzcyMzAxNjIzfQ==",
            "proxy_endpoint": "https://704722031841.dkr.ecr.us-west-2.amazonaws.com",
            "region": "us-west-2",
            "registry_id": null,
            "user_name": "AWS"
          },
          "sensitive_attributes": [
            [
              {
                "type": "get_attr",
                "value": "authorization_token"
              }
            ],
            [
              {
                "type": "get_attr",
                "value": "password"
              }
            ]
          ],
          "identity_schema_version": 0
        }
      ]
    },
    {
      "mode": "data",
      "type": "aws_iam_role",
      "name": "lab_role",
      "provider": "provider[\"registry.terraform.io/hashicorp/aws\"]",
      "instances": [
        {
          "schema_version": 0,
          "attributes": {
            "arn": "arn:aws:iam::704722031841:role/LabRole",
            "assume_role_policy": "{\"Version\":\"2012-10-17\",\"Statement\":[{\"Effect\":\"Allow\",\"Principal\":{\"AWS\":\"arn:aws:iam::704722031841:role/LabRole\",\"Service\":[\"rds.amazonaws.com\",\"servicecatalog.amazonaws.com\",\"kinesis.amazonaws.com\",\"forecast.amazonaws.com\",\"kinesisanalytics.amazonaws.com\",\"eks-fargate-pods.amazonaws.com\",\"dynamodb.amazonaws.com\",\"cognito-idp.amazonaws.com\",\"ecs-tasks.amazonaws.com\",\"databrew.amazonaws.com\",\"pipes.amazonaws.com\",\"backup.amazonaws.com\",\"autoscaling.amazonaws.com\",\"sagemaker.amazonaws.com\",\"elasticmapreduce.amazonaws.com\",\"batch.amazonaws.com\",\"iotevents.amazonaws.com\",\"scheduler.amazonaws.com\",\"cloudtrail.amazonaws.com\",\"deepracer.amazonaws.com\",\"states.amazonaws.com\",\"firehose.amazonaws.com\",\"elasticbeanstalk.amazonaws.com\",\"glue.amazonaws.com\",\"codecommit.amazonaws.com\",\"events.amazonaws.com\",\"logs.amazonaws.com\",\"codewhisperer.amazonaws.com\",\"sqs.amazonaws.com\",\"codedeploy.amazonaws.com\",\"redshift.amazonaws.com\",\"ecs.amazonaws.com\",\"ssm.amazonaws.com\",\"credentials.iot.amazonaws.com\",\"cloud9.amazonaws.com\",\"kms.amazonaws.com\",\"secretsmanager.amazonaws.com\",\"resource-groups.amazonaws.com\",\"elasticfilesystem.amazonaws.com\",\"iotanalytics.amazonaws.com\",\"ec2.application-autoscaling.amazonaws.com\",\"sns.amazonaws.com\",\"s3.amazonaws.com\",\"application-autoscaling.amazonaws.com\",\"iot.amazonaws.com\",\"lambda.amazonaws.com\",\"elasticloadbalancing.amazonaws.com\",\"ec2.amazonaws.com\",\"cloudformation.amazonaws.com\",\"athena.amazonaws.com\",\"eks.amazonaws.com\",\"apigateway.amazonaws.com\",\"rekognition.amazonaws.com\"]},\"Action\":\"sts:AssumeRole\"}]}",
            "create_date": "2026-01-15T22:35:25Z",
            "description": "",
            "id": "LabRole",
            "max_session_duration": 3600,
            "name": "LabRole",
            "path": "/",
            "permissions_boundary": "",
            "role_last_used": [
              {
                "last_used_date": "2026-02-28T05:49:36Z",
                "region": "us-west-2"
              }
            ],
            "tags": {
              "cloudlab": "c195402a5014886l13493679t1w704722031841"
            },
            "unique_id": "AROA2IFFU2TQ7HPXNNFYV"
          },
          "sensitive_attributes": [],
          "identity_schema_version": 0
        }
      ]
    },
    {
      "mode": "managed",
      "type": "docker_image",
      "name": "app",
      "provider": "provider[\"registry.terraform.io/kreuzwerker/docker\"]",
      "instances": [
        {
          "schema_version": 0,
          "attributes": {
            "build": [
              {
                "auth_config": [],
                "build_arg": null,
                "build_args": null,
                "build_id": "",
                "cache_from": [],
                "cgroup_parent": "",
                "context": "../src",
                "cpu_period": null,
                "cpu_quota": null,
                "cpu_set_cpus": "",
                "cpu_set_mems": "",
                "cpu_shares": null,
                "dockerfile": "Dockerfile",
                "extra_hosts": [],
                "force_remove": null,
                "isolation": "",
                "label": null,
                "labels": null,
                "memory": null,
                "memory_swap": null,
                "network_mode": "",
                "no_cache": null,
                "path": "",
                "platform": "",
                "pull_parent": null,
                "remote_context": "",
                "remove": true,
                "security_opt": [],
                "session_id": "",
                "shm_size": null,
                "squash": null,
                "suppress_output": null,
                "tag": [],
                "target": "",
                "ulimit": [],
                "version": ""
              }
            ],
            "force_remove": null,
            "id": "sha256:8faa7d4311372be99cc39bcb69aa96b5e53874c356fa7f0215a8f9a61bb10864704722031841.dkr.ecr.us-west-2.amazonaws.com/ecr_service:latest",
            "image_id": "sha256:8faa7d4311372be99cc39bcb69aa96b5e53874c356fa7f0215a8f9a61bb10864",
            "keep_locally": null,
            "latest": "sha256:8faa7d4311372be99cc39bcb69aa96b5e53874c356fa7f0215a8f9a61bb10864",
            "name": "704722031841.dkr.ecr.us-west-2.amazonaws.com/ecr_service:latest",
            "output": null,
            "platform": null,
            "pull_trigger": null,
            "pull_triggers": null,
            "repo_digest": "704722031841.dkr.ecr.us-west-2.amazonaws.com/ecr_service@sha256:8faa7d4311372be99cc39bcb69aa96b5e53874c356fa7f0215a8f9a61bb10864",
            "triggers": null
          },
          "sensitive_attributes": [],
          "identity_schema_version": 0,
          "private": "bnVsbA==",
          "dependencies": [
            "data.aws_ecr_authorization_token.registry",
            "module.ecr.aws_ecr_repository.this"
          ]
        }
      ]
    },
    {
      "mode": "managed",
      "type": "docker_registry_image",
      "name": "app",
      "provider": "provider[\"registry.terraform.io/kreuzwerker/docker\"]",
      "instances": [
        {
          "schema_version": 0,
          "attributes": {
            "build": [],
            "id": "sha256:8faa7d4311372be99cc39bcb69aa96b5e53874c356fa7f0215a8f9a61bb10864",
            "insecure_skip_verify": false,
            "keep_remotely": false,
            "name": "704722031841.dkr.ecr.us-west-2.amazonaws.com/ecr_service:latest",
            "sha256_digest": "sha256:8faa7d4311372be99cc39bcb69aa96b5e53874c356fa7f0215a8f9a61bb10864",
            "triggers": null
          },
          "sensitive_attributes": [],
          "identity_schema_version": 0,
          "private": "bnVsbA==",
          "dependencies": [
            "data.aws_ecr_authorization_token.registry",
            "docker_image.app",
            "module.ecr.aws_ecr_repository.this"
          ]
        }
      ]
    },
    {
      "module": "module.alb",
      "mode": "managed",
      "type": "aws_lb",
      "name": "this",
      "provider": "provider[\"registry.terraform.io/hashicorp/aws\"]",
      "instances": [
        {
          "schema_version": 0,
          "attributes": {
            "access_logs": [
              {
                "bucket": "",
                "enabled": false,
                "prefix": ""
              }
            ],
            "arn": "arn:aws:elasticloadbalancing:us-west-2:704722031841:loadbalancer/app/CS6650L2-alb/1d7a242c3e6935eb",
            "arn_suffix": "app/CS6650L2-alb/1d7a242c3e6935eb",
            "client_keep_alive": 3600,
            "connection_logs": [
              {
                "bucket": "",
                "enabled": false,
                "prefix": ""
              }
            ],
            "customer_owned_ipv4_pool": "",
            "desync_mitigation_mode": "defensive",
            "dns_name": "CS6650L2-alb-1653736226.us-west-2.elb.amazonaws.com",
            "dns_record_client_routing_policy": null,
            "drop_invalid_header_fields": false,
            "enable_cross_zone_load_balancing": true,
            "enable_deletion_protection": false,
            "enable_http2": true,
            "enable_tls_version_and_cipher_suite_headers": false,
            "enable_waf_fail_open": false,
            "enable_xff_client_port": false,
            "enable_zonal_shift": false,
            "enforce_security_group_inbound_rules_on_private_link_traffic": "",
            "id": "arn:aws:elasticloadbalancing:us-west-2:704722031841:loadbalancer/app/CS6650L2-alb/1d7a242c3e6935eb",
            "idle_timeout": 60,
            "internal": false,
            "ip_address_type": "ipv4",
            "ipam_pools": [],
            "load_balancer_type": "application",
            "minimum_load_balancer_capacity": [],
            "name": "CS6650L2-alb",
            "name_prefix": "",
            "preserve_host_header": false,
            "region": "us-west-2",
            "security_groups": [
              "sg-0b8caa5041063e331"
            ],
            "subnet_mapping": [
              {
                "allocation_id": "",
                "ipv6_address": "",
                "outpost_id": "",
                "private_ipv4_address": "",
                "subnet_id": "subnet-012ecf0ca2446b443"
              },
              {
                "allocation_id": "",
                "ipv6_address": "",
                "outpost_id": "",
                "private_ipv4_address": "",
                "subnet_id": "subnet-04f7cdf6fe04a7f74"
              },
              {
                "allocation_id": "",
                "ipv6_address": "",
                "outpost_id": "",
                "private_ipv4_address": "",
                "subnet_id": "subnet-08039d9d31916c3a8"
              },
              {
                "allocation_id": "",
                "ipv6_address": "",
                "outpost_id": "",
                "private_ipv4_address": "",
                "subnet_id": "subnet-0c202eddebbf083c2"
              }
            ],
            "subnets": [
              "subnet-012ecf0ca2446b443",
              "subnet-04f7cdf6fe04a7f74",
              "subnet-08039d9d31916c3a8",
              "subnet-0c202eddebbf083c2"
            ],
            "tags": {},
            "tags_all": {},
            "timeouts": null,
            "vpc_id": "vpc-0605ceb2e2b41fec4",
            "xff_header_processing_mode": "append",
            "zone_id": "Z1H1FL5HABSF5"
          },
          "sensitive_attributes": [],
          "identity_schema_version": 0,
          "identity": {
            "arn": "arn:aws:elasticloadbalancing:us-west-2:704722031841:loadbalancer/app/CS6650L2-alb/1d7a242c3e6935eb"
          },
          "private": "eyJlMmJmYjczMC1lY2FhLTExZTYtOGY4OC0zNDM2M2JjN2M0YzAiOnsiY3JlYXRlIjo2MDAwMDAwMDAwMDAsImRlbGV0ZSI6NjAwMDAwMDAwMDAwLCJ1cGRhdGUiOjYwMDAwMDAwMDAwMH19",
          "dependencies": [
            "module.network.aws_security_group.alb",
            "module.network.data.aws_subnets.default",
            "module.network.data.aws_vpc.default"
          ]
        }
      ]
    },
    {
      "module": "module.alb",
      "mode": "managed",
      "type": "aws_lb_listener",
      "name": "this",
      "provider": "provider[\"registry.terraform.io/hashicorp/aws\"]",
      "instances": [
        {
          "schema_version": 0,
          "attributes": {
            "alpn_policy": null,
            "arn": "arn:aws:elasticloadbalancing:us-west-2:704722031841:listener/app/CS6650L2-alb/1d7a242c3e6935eb/e2e60f6bf33f5a30",
            "certificate_arn": null,
            "default_action": [
              {
                "authenticate_cognito": [],
                "authenticate_oidc": [],
                "fixed_response": [],
                "forward": [],
                "order": 1,
                "redirect": [],
                "target_group_arn": "arn:aws:elasticloadbalancing:us-west-2:704722031841:targetgroup/CS6650L2-tg/13e9cb7287438711",
                "type": "forward"
              }
            ],
            "id": "arn:aws:elasticloadbalancing:us-west-2:704722031841:listener/app/CS6650L2-alb/1d7a242c3e6935eb/e2e60f6bf33f5a30",
            "load_balancer_arn": "arn:aws:elasticloadbalancing:us-west-2:704722031841:loadbalancer/app/CS6650L2-alb/1d7a242c3e6935eb",
            "mutual_authentication": [],
            "port": 80,
            "protocol": "HTTP",
            "region": "us-west-2",
            "routing_http_request_x_amzn_mtls_clientcert_header_name": null,
            "routing_http_request_x_amzn_mtls_clientcert_issuer_header_name": null,
            "routing_http_request_x_amzn_mtls_clientcert_leaf_header_name": null,
            "routing_http_request_x_amzn_mtls_clientcert_serial_number_header_name": null,
            "routing_http_request_x_amzn_mtls_clientcert_subject_header_name": null,
            "routing_http_request_x_amzn_mtls_clientcert_validity_header_name": null,
            "routing_http_request_x_amzn_tls_cipher_suite_header_name": null,
            "routing_http_request_x_amzn_tls_version_header_name": null,
            "routing_http_response_access_control_allow_credentials_header_value": "",
            "routing_http_response_access_control_allow_headers_header_value": "",
            "routing_http_response_access_control_allow_methods_header_value": "",
            "routing_http_response_access_control_allow_origin_header_value": "",
            "routing_http_response_access_control_expose_headers_header_value": "",
            "routing_http_response_access_control_max_age_header_value": "",
            "routing_http_response_content_security_policy_header_value": "",
            "routing_http_response_server_enabled": true,
            "routing_http_response_strict_transport_security_header_value": "",
            "routing_http_response_x_content_type_options_header_value": "",
            "routing_http_response_x_frame_options_header_value": "",
            "ssl_policy": "",
            "tags": {},
            "tags_all": {},
            "tcp_idle_timeout_seconds": null,
            "timeouts": null
          },
          "sensitive_attributes": [],
          "identity_schema_version": 0,
          "identity": {
            "arn": "arn:aws:elasticloadbalancing:us-west-2:704722031841:listener/app/CS6650L2-alb/1d7a242c3e6935eb/e2e60f6bf33f5a30"
          },
          "private": "eyJlMmJmYjczMC1lY2FhLTExZTYtOGY4OC0zNDM2M2JjN2M0YzAiOnsiY3JlYXRlIjozMDAwMDAwMDAwMDAsInVwZGF0ZSI6MzAwMDAwMDAwMDAwfX0=",
          "dependencies": [
            "module.alb.aws_lb.this",
            "module.alb.aws_lb_target_group.this",
            "module.network.aws_security_group.alb",
            "module.network.data.aws_subnets.default",
            "module.network.data.aws_vpc.default"
          ]
        }
      ]
    },
    {
      "module": "module.alb",
      "mode": "managed",
      "type": "aws_lb_target_group",
      "name": "this",
      "provider": "provider[\"registry.terraform.io/hashicorp/aws\"]",
      "instances": [
        {
          "schema_version": 0,
          "attributes": {
            "arn": "arn:aws:elasticloadbalancing:us-west-2:704722031841:targetgroup/CS6650L2-tg/13e9cb7287438711",
            "arn_suffix": "targetgroup/CS6650L2-tg/13e9cb7287438711",
            "connection_termination": null,
            "deregistration_delay": "300",
            "health_check": [
              {
                "enabled": true,
                "healthy_threshold": 2,
                "interval": 30,
                "matcher": "200",
                "path": "/health",
                "port": "traffic-port",
                "protocol": "HTTP",
                "timeout": 5,
                "unhealthy_threshold": 3
              }
            ],
            "id": "arn:aws:elasticloadbalancing:us-west-2:704722031841:targetgroup/CS6650L2-tg/13e9cb7287438711",
            "ip_address_type": "ipv4",
            "lambda_multi_value_headers_enabled": false,
            "load_balancer_arns": [
              "arn:aws:elasticloadbalancing:us-west-2:704722031841:loadbalancer/app/CS6650L2-alb/1d7a242c3e6935eb"
            ],
            "load_balancing_algorithm_type": "round_robin",
            "load_balancing_anomaly_mitigation": "off",
            "load_balancing_cross_zone_enabled": "use_load_balancer_configuration",
            "name": "CS6650L2-tg",
            "name_prefix": "",
            "port": 8080,
            "preserve_client_ip": null,
            "protocol": "HTTP",
            "protocol_version": "HTTP1",
            "proxy_protocol_v2": false,
            "region": "us-west-2",
            "slow_start": 0,
            "stickiness": [
              {
                "cookie_duration": 86400,
                "cookie_name": "",
                "enabled": false,
                "type": "lb_cookie"
              }
            ],
            "tags": {},
            "tags_all": {},
            "target_failover": [
              {
                "on_deregistration": null,
                "on_unhealthy": null
              }
            ],
            "target_group_health": [
              {
                "dns_failover": [
                  {
                    "minimum_healthy_targets_count": "1",
                    "minimum_healthy_targets_percentage": "off"
                  }
                ],
                "unhealthy_state_routing": [
                  {
                    "minimum_healthy_targets_count": 1,
                    "minimum_healthy_targets_percentage": "off"
                  }
                ]
              }
            ],
            "target_health_state": [
              {
                "enable_unhealthy_connection_termination": null,
                "unhealthy_draining_interval": null
              }
            ],
            "target_type": "ip",
            "vpc_id": "vpc-0605ceb2e2b41fec4"
          },
          "sensitive_attributes": [],
          "identity_schema_version": 0,
          "identity": {
            "arn": "arn:aws:elasticloadbalancing:us-west-2:704722031841:targetgroup/CS6650L2-tg/13e9cb7287438711"
          },
          "private": "bnVsbA==",
          "dependencies": [
            "module.network.data.aws_vpc.default"
          ]
        }
      ]
    },
    {
      "module": "module.ecr",
      "mode": "managed",
      "type": "aws_ecr_repository",
      "name": "this",
      "provider": "provider[\"registry.terraform.io/hashicorp/aws\"]",
      "instances": [
        {
          "schema_version": 0,
          "attributes": {
            "arn": "arn:aws:ecr:us-west-2:704722031841:repository/ecr_service",
            "encryption_configuration": [
              {
                "encryption_type": "AES256",
                "kms_key": ""
              }
            ],
            "force_delete": null,
            "id": "ecr_service",
            "image_scanning_configuration": [
              {
                "scan_on_push": false
              }
            ],
            "image_tag_mutability": "MUTABLE",
            "name": "ecr_service",
            "region": "us-west-2",
            "registry_id": "704722031841",
            "repository_url": "704722031841.dkr.ecr.us-west-2.amazonaws.com/ecr_service",
            "tags": {},
            "tags_all": {},
            "timeouts": null
          },
          "sensitive_attributes": [],
          "identity_schema_version": 0,
          "private": "eyJlMmJmYjczMC1lY2FhLTExZTYtOGY4OC0zNDM2M2JjN2M0YzAiOnsiZGVsZXRlIjoxMjAwMDAwMDAwMDAwfX0="
        }
      ]
    },
    {
      "module": "module.ecs",
      "mode": "managed",
      "type": "aws_appautoscaling_policy",
      "name": "cpu",
      "provider": "provider[\"registry.terraform.io/hashicorp/aws\"]",
      "instances": [
        {
          "schema_version": 0,
          "attributes": {
            "alarm_arns": [
              "arn:aws:cloudwatch:us-west-2:704722031841:alarm:TargetTracking-service/CS6650L2-cluster/CS6650L2-AlarmHigh-754d4009-c879-47be-ada7-68ac6e8306d9",
              "arn:aws:cloudwatch:us-west-2:704722031841:alarm:TargetTracking-service/CS6650L2-cluster/CS6650L2-AlarmLow-81523343-78ef-472b-8ade-20fc84a6746b"
            ],
            "arn": "arn:aws:autoscaling:us-west-2:704722031841:scalingPolicy:575c710c-3bd0-446b-8395-38a9d1a07a9c:resource/ecs/service/CS6650L2-cluster/CS6650L2:policyName/CS6650L2-cpu-scaling",
            "id": "CS6650L2-cpu-scaling",
            "name": "CS6650L2-cpu-scaling",
            "policy_type": "TargetTrackingScaling",
            "region": "us-west-2",
            "resource_id": "service/CS6650L2-cluster/CS6650L2",
            "scalable_dimension": "ecs:service:DesiredCount",
            "service_namespace": "ecs",
            "step_scaling_policy_configuration": [],
            "target_tracking_scaling_policy_configuration": [
              {
                "customized_metric_specification": [],
                "disable_scale_in": false,
                "predefined_metric_specification": [
                  {
                    "predefined_metric_type": "ECSServiceAverageCPUUtilization",
                    "resource_label": ""
                  }
                ],
                "scale_in_cooldown": 300,
                "scale_out_cooldown": 300,
                "target_value": 70
              }
            ]
          },
          "sensitive_attributes": [],
          "identity_schema_version": 0,
          "private": "bnVsbA==",
          "dependencies": [
            "data.aws_iam_role.lab_role",
            "module.alb.aws_lb.this",
            "module.alb.aws_lb_listener.this",
            "module.alb.aws_lb_target_group.this",
            "module.ecr.aws_ecr_repository.this",
            "module.ecs.aws_appautoscaling_target.this",
            "module.ecs.aws_ecs_cluster.this",
            "module.ecs.aws_ecs_service.this",
            "module.ecs.aws_ecs_task_definition.this",
            "module.logging.aws_cloudwatch_log_group.this",
            "module.network.aws_security_group.alb",
            "module.network.aws_security_group.this",
            "module.network.data.aws_subnets.default",
            "module.network.data.aws_vpc.default"
          ]
        }
      ]
    },
    {
      "module": "module.ecs",
      "mode": "managed",
      "type": "aws_appautoscaling_target",
      "name": "this",
      "provider": "provider[\"registry.terraform.io/hashicorp/aws\"]",
      "instances": [
        {
          "schema_version": 0,
          "attributes": {
            "arn": "arn:aws:application-autoscaling:us-west-2:704722031841:scalable-target/0ec5575c710c3bd0446b839538a9d1a07a9c",
            "id": "service/CS6650L2-cluster/CS6650L2",
            "max_capacity": 4,
            "min_capacity": 2,
            "region": "us-west-2",
            "resource_id": "service/CS6650L2-cluster/CS6650L2",
            "role_arn": "arn:aws:iam::704722031841:role/aws-service-role/ecs.application-autoscaling.amazonaws.com/AWSServiceRoleForApplicationAutoScaling_ECSService",
            "scalable_dimension": "ecs:service:DesiredCount",
            "service_namespace": "ecs",
            "suspended_state": [
              {
                "dynamic_scaling_in_suspended": false,
                "dynamic_scaling_out_suspended": false,
                "scheduled_scaling_suspended": false
              }
            ],
            "tags": {},
            "tags_all": {}
          },
          "sensitive_attributes": [],
          "identity_schema_version": 0,
          "private": "bnVsbA==",
          "dependencies": [
            "data.aws_iam_role.lab_role",
            "module.alb.aws_lb.this",
            "module.alb.aws_lb_listener.this",
            "module.alb.aws_lb_target_group.this",
            "module.ecr.aws_ecr_repository.this",
            "module.ecs.aws_ecs_cluster.this",
            "module.ecs.aws_ecs_service.this",
            "module.ecs.aws_ecs_task_definition.this",
            "module.logging.aws_cloudwatch_log_group.this",
            "module.network.aws_security_group.alb",
            "module.network.aws_security_group.this",
            "module.network.data.aws_subnets.default",
            "module.network.data.aws_vpc.default"
          ]
        }
      ]
    },
    {
      "module": "module.ecs",
      "mode": "managed",
      "type": "aws_ecs_cluster",
      "name": "this",
      "provider": "provider[\"registry.terraform.io/hashicorp/aws\"]",
      "instances": [
        {
          "schema_version": 0,
          "attributes": {
            "arn": "arn:aws:ecs:us-west-2:704722031841:cluster/CS6650L2-cluster",
            "configuration": [],
            "id": "arn:aws:ecs:us-west-2:704722031841:cluster/CS6650L2-cluster",
            "name": "CS6650L2-cluster",
            "region": "us-west-2",
            "service_connect_defaults": [],
            "setting": [
              {
                "name": "containerInsights",
                "value": "disabled"
              }
            ],
            "tags": {},
            "tags_all": {}
          },
          "sensitive_attributes": [],
          "identity_schema_version": 0,
          "private": "bnVsbA=="
        }
      ]
    },
    {
      "module": "module.ecs",
      "mode": "managed",
      "type": "aws_ecs_service",
      "name": "this",
      "provider": "provider[\"registry.terraform.io/hashicorp/aws\"]",
      "instances": [
        {
          "schema_version": 1,
          "attributes": {
            "alarms": [],
            "arn": "arn:aws:ecs:us-west-2:704722031841:service/CS6650L2-cluster/CS6650L2",
            "availability_zone_rebalancing": "DISABLED",
            "capacity_provider_strategy": [],
            "cluster": "arn:aws:ecs:us-west-2:704722031841:cluster/CS6650L2-cluster",
            "deployment_circuit_breaker": [
              {
                "enable": false,
                "rollback": false
              }
            ],
            "deployment_configuration": [],
            "deployment_controller": [
              {
                "type": "ECS"
              }
            ],
            "deployment_maximum_percent": 200,
            "deployment_minimum_healthy_percent": 100,
            "desired_count": 2,
            "enable_ecs_managed_tags": false,
            "enable_execute_command": false,
            "force_delete": null,
            "force_new_deployment": null,
            "health_check_grace_period_seconds": 0,
            "iam_role": "/aws-service-role/ecs.amazonaws.com/AWSServiceRoleForECS",
            "id": "arn:aws:ecs:us-west-2:704722031841:service/CS6650L2-cluster/CS6650L2",
            "launch_type": "FARGATE",
            "load_balancer": [
              {
                "advanced_configuration": [],
                "container_name": "CS6650L2-container",
                "container_port": 8080,
                "elb_name": "",
                "target_group_arn": "arn:aws:elasticloadbalancing:us-west-2:704722031841:targetgroup/CS6650L2-tg/13e9cb7287438711"
              }
            ],
            "name": "CS6650L2",
            "network_configuration": [
              {
                "assign_public_ip": true,
                "security_groups": [
                  "sg-0d8930e0404b0e37a"
                ],
                "subnets": [
                  "subnet-012ecf0ca2446b443",
                  "subnet-04f7cdf6fe04a7f74",
                  "subnet-08039d9d31916c3a8",
                  "subnet-0c202eddebbf083c2"
                ]
              }
            ],
            "ordered_placement_strategy": [],
            "placement_constraints": [],
            "platform_version": "LATEST",
            "propagate_tags": "NONE",
            "region": "us-west-2",
            "scheduling_strategy": "REPLICA",
            "service_connect_configuration": [],
            "service_registries": [],
            "tags": {},
            "tags_all": {},
            "task_definition": "arn:aws:ecs:us-west-2:704722031841:task-definition/CS6650L2-task:5",
            "timeouts": null,
            "triggers": {},
            "volume_configuration": [],
            "vpc_lattice_configurations": [],
            "wait_for_steady_state": false
          },
          "sensitive_attributes": [],
          "identity_schema_version": 0,
          "private": "eyJlMmJmYjczMC1lY2FhLTExZTYtOGY4OC0zNDM2M2JjN2M0YzAiOnsiY3JlYXRlIjoxMjAwMDAwMDAwMDAwLCJkZWxldGUiOjEyMDAwMDAwMDAwMDAsInVwZGF0ZSI6MTIwMDAwMDAwMDAwMH0sInNjaGVtYV92ZXJzaW9uIjoiMSJ9",
          "dependencies": [
            "data.aws_iam_role.lab_role",
            "module.alb.aws_lb.this",
            "module.alb.aws_lb_listener.this",
            "module.alb.aws_lb_target_group.this",
            "module.ecr.aws_ecr_repository.this",
            "module.ecs.aws_ecs_cluster.this",
            "module.ecs.aws_ecs_task_definition.this",
            "module.logging.aws_cloudwatch_log_group.this",
            "module.network.aws_security_group.alb",
            "module.network.aws_security_group.this",
            "module.network.data.aws_subnets.default",
            "module.network.data.aws_vpc.default"
          ]
        }
      ]
    },
    {
      "module": "module.ecs",
      "mode": "managed",
      "type": "aws_ecs_task_definition",
      "name": "this",
      "provider": "provider[\"registry.terraform.io/hashicorp/aws\"]",
      "instances": [
        {
          "schema_version": 1,
          "attributes": {
            "arn": "arn:aws:ecs:us-west-2:704722031841:task-definition/CS6650L2-task:5",
            "arn_without_revision": "arn:aws:ecs:us-west-2:704722031841:task-definition/CS6650L2-task",
            "container_definitions": "[{\"environment\":[],\"essential\":true,\"image\":\"704722031841.dkr.ecr.us-west-2.amazonaws.com/ecr_service:latest\",\"logConfiguration\":{\"logDriver\":\"awslogs\",\"options\":{\"awslogs-stream-prefix\":\"ecs\",\"awslogs-group\":\"/ecs/CS6650L2\",\"awslogs-region\":\"us-west-2\"}},\"mountPoints\":[],\"name\":\"CS6650L2-container\",\"portMappings\":[{\"containerPort\":8080,\"hostPort\":8080,\"protocol\":\"tcp\"}],\"systemControls\":[],\"volumesFrom\":[]}]",
            "cpu": "256",
            "enable_fault_injection": false,
            "ephemeral_storage": [],
            "execution_role_arn": "arn:aws:iam::704722031841:role/LabRole",
            "family": "CS6650L2-task",
            "id": "CS6650L2-task",
            "ipc_mode": "",
            "memory": "512",
            "network_mode": "awsvpc",
            "pid_mode": "",
            "placement_constraints": [],
            "proxy_configuration": [],
            "region": "us-west-2",
            "requires_compatibilities": [
              "FARGATE"
            ],
            "revision": 5,
            "runtime_platform": [],
            "skip_destroy": false,
            "tags": {},
            "tags_all": {},
            "task_role_arn": "arn:aws:iam::704722031841:role/LabRole",
            "track_latest": false,
            "volume": []
          },
          "sensitive_attributes": [],
          "identity_schema_version": 0,
          "private": "eyJzY2hlbWFfdmVyc2lvbiI6IjEifQ==",
          "dependencies": [
            "data.aws_iam_role.lab_role",
            "module.ecr.aws_ecr_repository.this",
            "module.logging.aws_cloudwatch_log_group.this"
          ]
        }
      ]
    },
    {
      "module": "module.logging",
      "mode": "managed",
      "type": "aws_cloudwatch_log_group",
      "name": "this",
      "provider": "provider[\"registry.terraform.io/hashicorp/aws\"]",
      "instances": [
        {
          "schema_version": 0,
          "attributes": {
            "arn": "arn:aws:logs:us-west-2:704722031841:log-group:/ecs/CS6650L2",
            "id": "/ecs/CS6650L2",
            "kms_key_id": "",
            "log_group_class": "STANDARD",
            "name": "/ecs/CS6650L2",
            "name_prefix": "",
            "region": "us-west-2",
            "retention_in_days": 7,
            "skip_destroy": false,
            "tags": {},
            "tags_all": {}
          },
          "sensitive_attributes": [],
          "identity_schema_version": 0,
          "private": "bnVsbA=="
        }
      ]
    },
    {
      "module": "module.network",
      "mode": "data",
      "type": "aws_subnets",
      "name": "default",
      "provider": "provider[\"registry.terraform.io/hashicorp/aws\"]",
      "instances": [
        {
          "schema_version": 0,
          "attributes": {
            "filter": [
              {
                "name": "vpc-id",
                "values": [
                  "vpc-0605ceb2e2b41fec4"
                ]
              }
            ],
            "id": "us-west-2",
            "ids": [
              "subnet-0c202eddebbf083c2",
              "subnet-08039d9d31916c3a8",
              "subnet-012ecf0ca2446b443",
              "subnet-04f7cdf6fe04a7f74"
            ],
            "region": "us-west-2",
            "tags": null,
            "timeouts": null
          },
          "sensitive_attributes": [],
          "identity_schema_version": 0
        }
      ]
    },
    {
      "module": "module.network",
      "mode": "data",
      "type": "aws_vpc",
      "name": "default",
      "provider": "provider[\"registry.terraform.io/hashicorp/aws\"]",
      "instances": [
        {
          "schema_version": 0,
          "attributes": {
            "arn": "arn:aws:ec2:us-west-2:704722031841:vpc/vpc-0605ceb2e2b41fec4",
            "cidr_block": "172.31.0.0/16",
            "cidr_block_associations": [
              {
                "association_id": "vpc-cidr-assoc-0d4956f16b3d03763",
                "cidr_block": "172.31.0.0/16",
                "state": "associated"
              }
            ],
            "default": true,
            "dhcp_options_id": "dopt-08717c943b591d9f1",
            "enable_dns_hostnames": true,
            "enable_dns_support": true,
            "enable_network_address_usage_metrics": false,
            "filter": null,
            "id": "vpc-0605ceb2e2b41fec4",
            "instance_tenancy": "default",
            "ipv6_association_id": "",
            "ipv6_cidr_block": "",
            "main_route_table_id": "rtb-08b644d6e7ccb3812",
            "owner_id": "704722031841",
            "region": "us-west-2",
            "state": null,
            "tags": {},
            "timeouts": null
          },
          "sensitive_attributes": [],
          "identity_schema_version": 0
        }
      ]
    },
    {
      "module": "module.network",
      "mode": "managed",
      "type": "aws_security_group",
      "name": "alb",
      "provider": "provider[\"registry.terraform.io/hashicorp/aws\"]",
      "instances": [
        {
          "schema_version": 1,
          "attributes": {
            "arn": "arn:aws:ec2:us-west-2:704722031841:security-group/sg-0b8caa5041063e331",
            "description": "Allow inbound HTTP to ALB",
            "egress": [
              {
                "cidr_blocks": [
                  "0.0.0.0/0"
                ],
                "description": "",
                "from_port": 0,
                "ipv6_cidr_blocks": [],
                "prefix_list_ids": [],
                "protocol": "-1",
                "security_groups": [],
                "self": false,
                "to_port": 0
              }
            ],
            "id": "sg-0b8caa5041063e331",
            "ingress": [
              {
                "cidr_blocks": [
                  "0.0.0.0/0"
                ],
                "description": "Public HTTP",
                "from_port": 80,
                "ipv6_cidr_blocks": [],
                "prefix_list_ids": [],
                "protocol": "tcp",
                "security_groups": [],
                "self": false,
                "to_port": 80
              }
            ],
            "name": "CS6650L2-alb-sg",
            "name_prefix": "",
            "owner_id": "704722031841",
            "region": "us-west-2",
            "revoke_rules_on_delete": false,
            "tags": {},
            "tags_all": {},
            "timeouts": null,
            "vpc_id": "vpc-0605ceb2e2b41fec4"
          },
          "sensitive_attributes": [],
          "identity_schema_version": 0,
          "private": "eyJlMmJmYjczMC1lY2FhLTExZTYtOGY4OC0zNDM2M2JjN2M0YzAiOnsiY3JlYXRlIjo2MDAwMDAwMDAwMDAsImRlbGV0ZSI6OTAwMDAwMDAwMDAwfSwic2NoZW1hX3ZlcnNpb24iOiIxIn0=",
          "dependencies": [
            "module.network.data.aws_vpc.default"
          ]
        }
      ]
    },
    {
      "module": "module.network",
      "mode": "managed",
      "type": "aws_security_group",
      "name": "this",
      "provider": "provider[\"registry.terraform.io/hashicorp/aws\"]",
      "instances": [
        {
          "schema_version": 1,
          "attributes": {
            "arn": "arn:aws:ec2:us-west-2:704722031841:security-group/sg-0d8930e0404b0e37a",
            "description": "Allow inbound on 8080",
            "egress": [
              {
                "cidr_blocks": [
                  "0.0.0.0/0"
                ],
                "description": "Allow all outbound",
                "from_port": 0,
                "ipv6_cidr_blocks": [],
                "prefix_list_ids": [],
                "protocol": "-1",
                "security_groups": [],
                "self": false,
                "to_port": 0
              }
            ],
            "id": "sg-0d8930e0404b0e37a",
            "ingress": [
              {
                "cidr_blocks": [],
                "description": "Allow traffic from ALB to ECS tasks",
                "from_port": 8080,
                "ipv6_cidr_blocks": [],
                "prefix_list_ids": [],
                "protocol": "tcp",
                "security_groups": [
                  "sg-0b8caa5041063e331"
                ],
                "self": false,
                "to_port": 8080
              }
            ],
            "name": "CS6650L2-sg",
            "name_prefix": "",
            "owner_id": "704722031841",
            "region": "us-west-2",
            "revoke_rules_on_delete": false,
            "tags": {},
            "tags_all": {},
            "timeouts": null,
            "vpc_id": "vpc-0605ceb2e2b41fec4"
          },
          "sensitive_attributes": [],
          "identity_schema_version": 0,
          "private": "eyJlMmJmYjczMC1lY2FhLTExZTYtOGY4OC0zNDM2M2JjN2M0YzAiOnsiY3JlYXRlIjo2MDAwMDAwMDAwMDAsImRlbGV0ZSI6OTAwMDAwMDAwMDAwfSwic2NoZW1hX3ZlcnNpb24iOiIxIn0=",
          "dependencies": [
            "module.network.data.aws_vpc.default"
          ]
        }
      ]
    },
    {
      "module": "module.network",
      "mode": "managed",
      "type": "aws_security_group_rule",
      "name": "ecs_from_alb",
      "provider": "provider[\"registry.terraform.io/hashicorp/aws\"]",
      "instances": [
        {
          "schema_version": 2,
          "attributes": {
            "cidr_blocks": null,
            "description": "Allow traffic from ALB to ECS tasks",
            "from_port": 8080,
            "id": "sgrule-2037697589",
            "ipv6_cidr_blocks": null,
            "prefix_list_ids": null,
            "protocol": "tcp",
            "region": "us-west-2",
            "security_group_id": "sg-0d8930e0404b0e37a",
            "security_group_rule_id": "sgr-011f40071188fd183",
            "self": false,
            "source_security_group_id": "sg-0b8caa5041063e331",
            "timeouts": null,
            "to_port": 8080,
            "type": "ingress"
          },
          "sensitive_attributes": [],
          "identity_schema_version": 0,
          "private": "eyJlMmJmYjczMC1lY2FhLTExZTYtOGY4OC0zNDM2M2JjN2M0YzAiOnsiY3JlYXRlIjozMDAwMDAwMDAwMDB9LCJzY2hlbWFfdmVyc2lvbiI6IjIifQ==",
          "dependencies": [
            "module.network.aws_security_group.alb",
            "module.network.aws_security_group.this",
            "module.network.data.aws_vpc.default"
          ]
        }
      ]
    }
  ],
  "check_results": null
}
